
Microsoft Visual Studio Solution File, Format Version 12.00
# Visual Studio Version 16
VisualStudioVersion = 16.0.29728.190
MinimumVisualStudioVersion = 10.0.40219.1
Project("{FAE04EC0-301F-11D3-BF4B-00C04F79EFBC}") = "CompetencyManagementApp", "CompetencyManagementApp\CompetencyManagementApp.csproj", "{405FF16C-8000-4C54-BA82-A161B17191A6}"
EndProject
Project("{FAE04EC0-301F-11D3-BF4B-00C04F79EFBC}") = "CompetencyManagement.Model", "CompetencyManagement.Model\CompetencyManagement.Model.csproj", "{41B3C986-9D64-4F93-89F4-A406C667E572}"
EndProject
Project("{FAE04EC0-301F-11D3-BF4B-00C04F79EFBC}") = "CompetencyManagement.DataContext", "CompetencyManagement.DataContext\CompetencyManagement.DataContext.csproj", "{7B330FC2-C195-487D-AA55-42214FF0D04D}"
EndProject
Global
	GlobalSection(SolutionConfigurationPlatforms) = preSolution
		Debug|Any CPU = Debug|Any CPU
		Release|Any CPU = Release|Any CPU
	EndGlobalSection
	GlobalSection(ProjectConfigurationPlatforms) = postSolution
		{405FF16C-8000-4C54-BA82-A161B17191A6}.Debug|Any CPU.ActiveCfg = Debug|Any CPU
		{405FF16C-8000-4C54-BA82-A161B17191A6}.Debug|Any CPU.Build.0 = Debug|Any CPU
		{405FF16C-8000-4C54-BA82-A161B17191A6}.Release|Any CPU.ActiveCfg = Release|Any CPU
		{405FF16C-8000-4C54-BA82-A161B17191A6}.Release|Any CPU.Build.0 = Release|Any CPU
		{41B3C986-9D64-4F93-89F4-A406C667E572}.Debug|Any CPU.ActiveCfg = Debug|Any CPU
		{41B3C986-9D64-4F93-89F4-A406C667E572}.Debug|Any CPU.Build.0 = Debug|Any CPU
		{41B3C986-9D64-4F93-89F4-A406C667E572}.Release|Any CPU.ActiveCfg = Release|Any CPU
		{41B3C986-9D64-4F93-89F4-A406C667E572}.Release|Any CPU.Build.0 = Release|Any CPU
		{7B330FC2-C195-487D-AA55-42214FF0D04D}.Debug|Any CPU.ActiveCfg = Debug|Any CPU
		{7B330FC2-C195-487D-AA55-42214FF0D04D}.Debug|Any CPU.Build.0 = Debug|Any CPU
		{7B330FC2-C195-487D-AA55-42214FF0D04D}.Release|Any CPU.ActiveCfg = Release|Any CPU
		{7B330FC2-C195-487D-AA55-42214FF0D04D}.Release|Any CPU.Build.0 = Release|Any CPU
	EndGlobalSection
	GlobalSection(SolutionProperties) = preSolution
		HideSolutionNode = FALSE
	EndGlobalSection
	GlobalSection(ExtensibilityGlobals) = postSolution
		SolutionGuid = {A60F4EC1-0124-4837-9EF6-C1FB2922A1AE}
	EndGlobalSection
EndGlobal
